
Microsoft Visual Studio Solution File, Format Version 12.00
# Visual Studio 15
VisualStudioVersion = 15.0.28307.102
MinimumVisualStudioVersion = 10.0.40219.1
Project("{FAE04EC0-301F-11D3-BF4B-00C04F79EFBC}") = "SocialApp2", "SocialApp2\SocialApp2.csproj", "{EEAF6187-FAB5-413B-856E-4F8024CADBF8}"
EndProject
Global
	GlobalSection(SolutionConfigurationPlatforms) = preSolution
		Debug|Any CPU = Debug|Any CPU
		Release|Any CPU = Release|Any CPU
	EndGlobalSection
	GlobalSection(ProjectConfigurationPlatforms) = postSolution
		{EEAF6187-FAB5-413B-856E-4F8024CADBF8}.Debug|Any CPU.ActiveCfg = Debug|Any CPU
		{EEAF6187-FAB5-413B-856E-4F8024CADBF8}.Debug|Any CPU.Build.0 = Debug|Any CPU
		{EEAF6187-FAB5-413B-856E-4F8024CADBF8}.Release|Any CPU.ActiveCfg = Release|Any CPU
		{EEAF6187-FAB5-413B-856E-4F8024CADBF8}.Release|Any CPU.Build.0 = Release|Any CPU
	EndGlobalSection
	GlobalSection(SolutionProperties) = preSolution
		HideSolutionNode = FALSE
	EndGlobalSection
	GlobalSection(ExtensibilityGlobals) = postSolution
		SolutionGuid = {E6DAE4D6-65F5-48F7-BB0B-A6C7102C41D9}
	EndGlobalSection
EndGlobal
